
Microsoft Visual Studio Solution File, Format Version 12.00
# Visual Studio Version 16
VisualStudioVersion = 16.0.30320.27
MinimumVisualStudioVersion = 10.0.40219.1
Project("{9A19103F-16F7-4668-BE54-9A1E7A4F7556}") = "TeamTwo.Customer.Management", "TeamTwo.Customer.Management\TeamTwo.Customer.Management.csproj", "{E6AD5B00-184E-463D-B6DC-11A512DA9C8A}"
EndProject
Project("{FAE04EC0-301F-11D3-BF4B-00C04F79EFBC}") = "TeamTwo.Customer.Management.Test", "TeamTwo.Customer.Management.Test\TeamTwo.Customer.Management.Test.csproj", "{4A439248-6E13-450C-8E0F-E5E701613FF9}"
EndProject
Global
	GlobalSection(SolutionConfigurationPlatforms) = preSolution
		Debug|Any CPU = Debug|Any CPU
		Release|Any CPU = Release|Any CPU
	EndGlobalSection
	GlobalSection(ProjectConfigurationPlatforms) = postSolution
		{E6AD5B00-184E-463D-B6DC-11A512DA9C8A}.Debug|Any CPU.ActiveCfg = Debug|Any CPU
		{E6AD5B00-184E-463D-B6DC-11A512DA9C8A}.Debug|Any CPU.Build.0 = Debug|Any CPU
		{E6AD5B00-184E-463D-B6DC-11A512DA9C8A}.Release|Any CPU.ActiveCfg = Release|Any CPU
		{E6AD5B00-184E-463D-B6DC-11A512DA9C8A}.Release|Any CPU.Build.0 = Release|Any CPU
		{4A439248-6E13-450C-8E0F-E5E701613FF9}.Debug|Any CPU.ActiveCfg = Debug|Any CPU
		{4A439248-6E13-450C-8E0F-E5E701613FF9}.Debug|Any CPU.Build.0 = Debug|Any CPU
		{4A439248-6E13-450C-8E0F-E5E701613FF9}.Release|Any CPU.ActiveCfg = Release|Any CPU
		{4A439248-6E13-450C-8E0F-E5E701613FF9}.Release|Any CPU.Build.0 = Release|Any CPU
	EndGlobalSection
	GlobalSection(SolutionProperties) = preSolution
		HideSolutionNode = FALSE
	EndGlobalSection
	GlobalSection(ExtensibilityGlobals) = postSolution
		SolutionGuid = {39FE4B4E-7E51-4153-B68B-CCA2EC2F1E36}
	EndGlobalSection
EndGlobal
