
Microsoft Visual Studio Solution File, Format Version 12.00
# Visual Studio Version 16
VisualStudioVersion = 16.0.30320.27
MinimumVisualStudioVersion = 10.0.40219.1
Project("{9A19103F-16F7-4668-BE54-9A1E7A4F7556}") = "TeamTwo.CloudShield.DemoServerStartup", "TeamTwo.CloudShield.DemoServerStartup\TeamTwo.CloudShield.DemoServerStartup.csproj", "{DF44220E-1742-4132-A7F6-3D194349BD22}"
EndProject
Project("{9A19103F-16F7-4668-BE54-9A1E7A4F7556}") = "TeamTwo.CloudShield.DemoApiServer", "TeamTwo.CloudShield.DemoApiServer\TeamTwo.CloudShield.DemoApiServer.csproj", "{8ACB6304-E4ED-42AF-9081-B599858B9C11}"
EndProject
Global
	GlobalSection(SolutionConfigurationPlatforms) = preSolution
		Debug|Any CPU = Debug|Any CPU
		Release|Any CPU = Release|Any CPU
	EndGlobalSection
	GlobalSection(ProjectConfigurationPlatforms) = postSolution
		{DF44220E-1742-4132-A7F6-3D194349BD22}.Debug|Any CPU.ActiveCfg = Debug|Any CPU
		{DF44220E-1742-4132-A7F6-3D194349BD22}.Debug|Any CPU.Build.0 = Debug|Any CPU
		{DF44220E-1742-4132-A7F6-3D194349BD22}.Release|Any CPU.ActiveCfg = Release|Any CPU
		{DF44220E-1742-4132-A7F6-3D194349BD22}.Release|Any CPU.Build.0 = Release|Any CPU
		{8ACB6304-E4ED-42AF-9081-B599858B9C11}.Debug|Any CPU.ActiveCfg = Debug|Any CPU
		{8ACB6304-E4ED-42AF-9081-B599858B9C11}.Debug|Any CPU.Build.0 = Debug|Any CPU
		{8ACB6304-E4ED-42AF-9081-B599858B9C11}.Release|Any CPU.ActiveCfg = Release|Any CPU
		{8ACB6304-E4ED-42AF-9081-B599858B9C11}.Release|Any CPU.Build.0 = Release|Any CPU
	EndGlobalSection
	GlobalSection(SolutionProperties) = preSolution
		HideSolutionNode = FALSE
	EndGlobalSection
	GlobalSection(ExtensibilityGlobals) = postSolution
		SolutionGuid = {20B03EB5-1A4D-42F8-9718-609EA73997E2}
	EndGlobalSection
EndGlobal
