
Microsoft Visual Studio Solution File, Format Version 12.00
# Visual Studio Version 16
VisualStudioVersion = 16.0.30320.27
MinimumVisualStudioVersion = 10.0.40219.1
Project("{FAE04EC0-301F-11D3-BF4B-00C04F79EFBC}") = "TeamTwo.CloudShield.Shield", "TeamTwo.CloudShield.Shield\TeamTwo.CloudShield.Shield.csproj", "{558DC98F-74AE-4CDF-9AB9-5372D8FCA682}"
EndProject
Global
	GlobalSection(SolutionConfigurationPlatforms) = preSolution
		Debug|Any CPU = Debug|Any CPU
		Release|Any CPU = Release|Any CPU
	EndGlobalSection
	GlobalSection(ProjectConfigurationPlatforms) = postSolution
		{558DC98F-74AE-4CDF-9AB9-5372D8FCA682}.Debug|Any CPU.ActiveCfg = Debug|Any CPU
		{558DC98F-74AE-4CDF-9AB9-5372D8FCA682}.Debug|Any CPU.Build.0 = Debug|Any CPU
		{558DC98F-74AE-4CDF-9AB9-5372D8FCA682}.Release|Any CPU.ActiveCfg = Release|Any CPU
		{558DC98F-74AE-4CDF-9AB9-5372D8FCA682}.Release|Any CPU.Build.0 = Release|Any CPU
	EndGlobalSection
	GlobalSection(SolutionProperties) = preSolution
		HideSolutionNode = FALSE
	EndGlobalSection
	GlobalSection(ExtensibilityGlobals) = postSolution
		SolutionGuid = {69FE663C-86AA-4558-B8FB-6C463AF02C4F}
	EndGlobalSection
EndGlobal
